
Microsoft Visual Studio Solution File, Format Version 12.00
# Visual Studio Version 17
VisualStudioVersion = 17.12.35527.113
MinimumVisualStudioVersion = 10.0.40219.1
Project("{2150E333-8FDC-42A3-9474-1A3956D46DE8}") = "test", "test", "{0C277C86-DDD4-48F9-ADF6-EAA59635BB95}"
EndProject
Project("{FAE04EC0-301F-11D3-BF4B-00C04F79EFBC}") = "JiraStatistic.Domain", "JiraStatistic.Domain\JiraStatistic.Domain.csproj", "{D5B77B5B-49F3-4F37-8580-483972354626}"
EndProject
Project("{FAE04EC0-301F-11D3-BF4B-00C04F79EFBC}") = "JiraStatistic.Infrastructure", "JiraStatistic.Infrastructure\JiraStatistic.Infrastructure.csproj", "{F4F7D29F-9F88-4B60-8AD9-19663B61A31C}"
EndProject
Project("{FAE04EC0-301F-11D3-BF4B-00C04F79EFBC}") = "JiraStatistic.MockData", "JiraStatistic.MockData\JiraStatistic.MockData.csproj", "{8AD9D83E-E689-4DD2-9309-CF7850F8B979}"
EndProject
Project("{FAE04EC0-301F-11D3-BF4B-00C04F79EFBC}") = "JiraStatistic.Infrestructure.Test", "JiraStatistic.Infrestructure.Test\JiraStatistic.Infrestructure.Test.csproj", "{3A88BEE3-EE4D-41F4-A406-CC781085650C}"
EndProject
Project("{FAE04EC0-301F-11D3-BF4B-00C04F79EFBC}") = "JiraStatistic.Manager", "JiraStatistic.Manager\JiraStatistic.Manager.csproj", "{026BC955-C43C-41E2-B0EA-652501B11173}"
EndProject
Global
	GlobalSection(SolutionConfigurationPlatforms) = preSolution
		Debug|Any CPU = Debug|Any CPU
		Release|Any CPU = Release|Any CPU
	EndGlobalSection
	GlobalSection(ProjectConfigurationPlatforms) = postSolution
		{D5B77B5B-49F3-4F37-8580-483972354626}.Debug|Any CPU.ActiveCfg = Debug|Any CPU
		{D5B77B5B-49F3-4F37-8580-483972354626}.Debug|Any CPU.Build.0 = Debug|Any CPU
		{D5B77B5B-49F3-4F37-8580-483972354626}.Release|Any CPU.ActiveCfg = Release|Any CPU
		{D5B77B5B-49F3-4F37-8580-483972354626}.Release|Any CPU.Build.0 = Release|Any CPU
		{F4F7D29F-9F88-4B60-8AD9-19663B61A31C}.Debug|Any CPU.ActiveCfg = Debug|Any CPU
		{F4F7D29F-9F88-4B60-8AD9-19663B61A31C}.Debug|Any CPU.Build.0 = Debug|Any CPU
		{F4F7D29F-9F88-4B60-8AD9-19663B61A31C}.Release|Any CPU.ActiveCfg = Release|Any CPU
		{F4F7D29F-9F88-4B60-8AD9-19663B61A31C}.Release|Any CPU.Build.0 = Release|Any CPU
		{8AD9D83E-E689-4DD2-9309-CF7850F8B979}.Debug|Any CPU.ActiveCfg = Debug|Any CPU
		{8AD9D83E-E689-4DD2-9309-CF7850F8B979}.Debug|Any CPU.Build.0 = Debug|Any CPU
		{8AD9D83E-E689-4DD2-9309-CF7850F8B979}.Release|Any CPU.ActiveCfg = Release|Any CPU
		{8AD9D83E-E689-4DD2-9309-CF7850F8B979}.Release|Any CPU.Build.0 = Release|Any CPU
		{3A88BEE3-EE4D-41F4-A406-CC781085650C}.Debug|Any CPU.ActiveCfg = Debug|Any CPU
		{3A88BEE3-EE4D-41F4-A406-CC781085650C}.Debug|Any CPU.Build.0 = Debug|Any CPU
		{3A88BEE3-EE4D-41F4-A406-CC781085650C}.Release|Any CPU.ActiveCfg = Release|Any CPU
		{3A88BEE3-EE4D-41F4-A406-CC781085650C}.Release|Any CPU.Build.0 = Release|Any CPU
		{026BC955-C43C-41E2-B0EA-652501B11173}.Debug|Any CPU.ActiveCfg = Debug|Any CPU
		{026BC955-C43C-41E2-B0EA-652501B11173}.Debug|Any CPU.Build.0 = Debug|Any CPU
		{026BC955-C43C-41E2-B0EA-652501B11173}.Release|Any CPU.ActiveCfg = Release|Any CPU
		{026BC955-C43C-41E2-B0EA-652501B11173}.Release|Any CPU.Build.0 = Release|Any CPU
	EndGlobalSection
	GlobalSection(SolutionProperties) = preSolution
		HideSolutionNode = FALSE
	EndGlobalSection
	GlobalSection(NestedProjects) = preSolution
		{8AD9D83E-E689-4DD2-9309-CF7850F8B979} = {0C277C86-DDD4-48F9-ADF6-EAA59635BB95}
		{3A88BEE3-EE4D-41F4-A406-CC781085650C} = {0C277C86-DDD4-48F9-ADF6-EAA59635BB95}
	EndGlobalSection
EndGlobal
