
Microsoft Visual Studio Solution File, Format Version 12.00
# Visual Studio Version 17
VisualStudioVersion = 17.12.35527.113 d17.12
MinimumVisualStudioVersion = 10.0.40219.1
Project("{FAE04EC0-301F-11D3-BF4B-00C04F79EFBC}") = "JiraStatistic.Window", "JiraStatistic.Window\JiraStatistic.Window.csproj", "{AF792503-EF56-4199-B09F-02DF6A143DCC}"
EndProject
Project("{2150E333-8FDC-42A3-9474-1A3956D46DE8}") = "test", "test", "{0C277C86-DDD4-48F9-ADF6-EAA59635BB95}"
EndProject
Project("{FAE04EC0-301F-11D3-BF4B-00C04F79EFBC}") = "JiraStatistic.Domain", "JiraStatistic.Domain\JiraStatistic.Domain.csproj", "{D5B77B5B-49F3-4F37-8580-483972354626}"
EndProject
Project("{FAE04EC0-301F-11D3-BF4B-00C04F79EFBC}") = "JiraStatistic.Infrastructure", "JiraStatistic.Infrastructure\JiraStatistic.Infrastructure.csproj", "{F4F7D29F-9F88-4B60-8AD9-19663B61A31C}"
EndProject
Global
	GlobalSection(SolutionConfigurationPlatforms) = preSolution
		Debug|Any CPU = Debug|Any CPU
		Release|Any CPU = Release|Any CPU
	EndGlobalSection
	GlobalSection(ProjectConfigurationPlatforms) = postSolution
		{AF792503-EF56-4199-B09F-02DF6A143DCC}.Debug|Any CPU.ActiveCfg = Debug|Any CPU
		{AF792503-EF56-4199-B09F-02DF6A143DCC}.Debug|Any CPU.Build.0 = Debug|Any CPU
		{AF792503-EF56-4199-B09F-02DF6A143DCC}.Release|Any CPU.ActiveCfg = Release|Any CPU
		{AF792503-EF56-4199-B09F-02DF6A143DCC}.Release|Any CPU.Build.0 = Release|Any CPU
		{D5B77B5B-49F3-4F37-8580-483972354626}.Debug|Any CPU.ActiveCfg = Debug|Any CPU
		{D5B77B5B-49F3-4F37-8580-483972354626}.Debug|Any CPU.Build.0 = Debug|Any CPU
		{D5B77B5B-49F3-4F37-8580-483972354626}.Release|Any CPU.ActiveCfg = Release|Any CPU
		{D5B77B5B-49F3-4F37-8580-483972354626}.Release|Any CPU.Build.0 = Release|Any CPU
		{F4F7D29F-9F88-4B60-8AD9-19663B61A31C}.Debug|Any CPU.ActiveCfg = Debug|Any CPU
		{F4F7D29F-9F88-4B60-8AD9-19663B61A31C}.Debug|Any CPU.Build.0 = Debug|Any CPU
		{F4F7D29F-9F88-4B60-8AD9-19663B61A31C}.Release|Any CPU.ActiveCfg = Release|Any CPU
		{F4F7D29F-9F88-4B60-8AD9-19663B61A31C}.Release|Any CPU.Build.0 = Release|Any CPU
	EndGlobalSection
	GlobalSection(SolutionProperties) = preSolution
		HideSolutionNode = FALSE
	EndGlobalSection
EndGlobal
